// !$*UTF8*$!
{
	archiveVersion = 1;
	classes = {
	};
	objectVersion = 46;
	objects = {

/* Begin PBXBuildFile section */
		90C12BB31DA3169E0062830D /* AsILayDying.jpg in Resources */ = {isa = PBXBuildFile; fileRef = 90C12BAB1DA3169E0062830D /* AsILayDying.jpg */; };
		90C12BB41DA3169E0062830D /* AskingAlexandria.jpg in Resources */ = {isa = PBXBuildFile; fileRef = 90C12BAC1DA3169E0062830D /* AskingAlexandria.jpg */; };
		90C12BB51DA3169E0062830D /* BreakingBenjamin.jpg in Resources */ = {isa = PBXBuildFile; fileRef = 90C12BAD1DA3169E0062830D /* BreakingBenjamin.jpg */; };
		90C12BB61DA3169E0062830D /* FiveFingerDeathPunch.jpg in Resources */ = {isa = PBXBuildFile; fileRef = 90C12BAE1DA3169E0062830D /* FiveFingerDeathPunch.jpg */; };
		90C12BB71DA3169E0062830D /* KillswitchEngage.jpg in Resources */ = {isa = PBXBuildFile; fileRef = 90C12BAF1DA3169E0062830D /* KillswitchEngage.jpg */; };
		90C12BB81DA3169E0062830D /* LostHorizon.jpg in Resources */ = {isa = PBXBuildFile; fileRef = 90C12BB01DA3169E0062830D /* LostHorizon.jpg */; };
		90C12BB91DA3169E0062830D /* OfMiceAndMen.jpg in Resources */ = {isa = PBXBuildFile; fileRef = 90C12BB11DA3169E0062830D /* OfMiceAndMen.jpg */; };
		90C12BBA1DA3169E0062830D /* ParkwayDrive.jpg in Resources */ = {isa = PBXBuildFile; fileRef = 90C12BB21DA3169E0062830D /* ParkwayDrive.jpg */; };
		90D5044D1D99D5820079002E /* AppDelegate.swift in Sources */ = {isa = PBXBuildFile; fileRef = 90D5044C1D99D5820079002E /* AppDelegate.swift */; };
		90D5044F1D99D5820079002E /* MasterViewController.swift in Sources */ = {isa = PBXBuildFile; fileRef = 90D5044E1D99D5820079002E /* MasterViewController.swift */; };
		90D504511D99D5820079002E /* DetailViewController.swift in Sources */ = {isa = PBXBuildFile; fileRef = 90D504501D99D5820079002E /* DetailViewController.swift */; };
		90D504541D99D5820079002E /* Main.storyboard in Resources */ = {isa = PBXBuildFile; fileRef = 90D504521D99D5820079002E /* Main.storyboard */; };
		90D504561D99D5820079002E /* Assets.xcassets in Resources */ = {isa = PBXBuildFile; fileRef = 90D504551D99D5820079002E /* Assets.xcassets */; };
		90D504591D99D5820079002E /* LaunchScreen.storyboard in Resources */ = {isa = PBXBuildFile; fileRef = 90D504571D99D5820079002E /* LaunchScreen.storyboard */; };
/* End PBXBuildFile section */

/* Begin PBXFileReference section */
		90C12BAB1DA3169E0062830D /* AsILayDying.jpg */ = {isa = PBXFileReference; lastKnownFileType = image.jpeg; path = AsILayDying.jpg; sourceTree = "<group>"; };
		90C12BAC1DA3169E0062830D /* AskingAlexandria.jpg */ = {isa = PBXFileReference; lastKnownFileType = image.jpeg; path = AskingAlexandria.jpg; sourceTree = "<group>"; };
		90C12BAD1DA3169E0062830D /* BreakingBenjamin.jpg */ = {isa = PBXFileReference; lastKnownFileType = image.jpeg; path = BreakingBenjamin.jpg; sourceTree = "<group>"; };
		90C12BAE1DA3169E0062830D /* FiveFingerDeathPunch.jpg */ = {isa = PBXFileReference; lastKnownFileType = image.jpeg; path = FiveFingerDeathPunch.jpg; sourceTree = "<group>"; };
		90C12BAF1DA3169E0062830D /* KillswitchEngage.jpg */ = {isa = PBXFileReference; lastKnownFileType = image.jpeg; path = KillswitchEngage.jpg; sourceTree = "<group>"; };
		90C12BB01DA3169E0062830D /* LostHorizon.jpg */ = {isa = PBXFileReference; lastKnownFileType = image.jpeg; path = LostHorizon.jpg; sourceTree = "<group>"; };
		90C12BB11DA3169E0062830D /* OfMiceAndMen.jpg */ = {isa = PBXFileReference; lastKnownFileType = image.jpeg; path = OfMiceAndMen.jpg; sourceTree = "<group>"; };
		90C12BB21DA3169E0062830D /* ParkwayDrive.jpg */ = {isa = PBXFileReference; lastKnownFileType = image.jpeg; path = ParkwayDrive.jpg; sourceTree = "<group>"; };
		90D504491D99D5820079002E /* MyFavBands.app */ = {isa = PBXFileReference; explicitFileType = wrapper.application; includeInIndex = 0; path = MyFavBands.app; sourceTree = BUILT_PRODUCTS_DIR; };
		90D5044C1D99D5820079002E /* AppDelegate.swift */ = {isa = PBXFileReference; lastKnownFileType = sourcecode.swift; path = AppDelegate.swift; sourceTree = "<group>"; };
		90D5044E1D99D5820079002E /* MasterViewController.swift */ = {isa = PBXFileReference; lastKnownFileType = sourcecode.swift; path = MasterViewController.swift; sourceTree = "<group>"; };
		90D504501D99D5820079002E /* DetailViewController.swift */ = {isa = PBXFileReference; lastKnownFileType = sourcecode.swift; path = DetailViewController.swift; sourceTree = "<group>"; };
		90D504531D99D5820079002E /* Base */ = {isa = PBXFileReference; lastKnownFileType = file.storyboard; name = Base; path = Base.lproj/Main.storyboard; sourceTree = "<group>"; };
		90D504551D99D5820079002E /* Assets.xcassets */ = {isa = PBXFileReference; lastKnownFileType = folder.assetcatalog; path = Assets.xcassets; sourceTree = "<group>"; };
		90D504581D99D5820079002E /* Base */ = {isa = PBXFileReference; lastKnownFileType = file.storyboard; name = Base; path = Base.lproj/LaunchScreen.storyboard; sourceTree = "<group>"; };
		90D5045A1D99D5820079002E /* Info.plist */ = {isa = PBXFileReference; lastKnownFileType = text.plist.xml; path = Info.plist; sourceTree = "<group>"; };
/* End PBXFileReference section */

/* Begin PBXFrameworksBuildPhase section */
		90D504461D99D5820079002E /* Frameworks */ = {
			isa = PBXFrameworksBuildPhase;
			buildActionMask = 2147483647;
			files = (
			);
			runOnlyForDeploymentPostprocessing = 0;
		};
/* End PBXFrameworksBuildPhase section */

/* Begin PBXGroup section */
		90C12BAA1DA3169E0062830D /* BandImages */ = {
			isa = PBXGroup;
			children = (
				90C12BAB1DA3169E0062830D /* AsILayDying.jpg */,
				90C12BAC1DA3169E0062830D /* AskingAlexandria.jpg */,
				90C12BAD1DA3169E0062830D /* BreakingBenjamin.jpg */,
				90C12BAE1DA3169E0062830D /* FiveFingerDeathPunch.jpg */,
				90C12BAF1DA3169E0062830D /* KillswitchEngage.jpg */,
				90C12BB01DA3169E0062830D /* LostHorizon.jpg */,
				90C12BB11DA3169E0062830D /* OfMiceAndMen.jpg */,
				90C12BB21DA3169E0062830D /* ParkwayDrive.jpg */,
			);
			path = BandImages;
			sourceTree = "<group>";
		};
		90D504401D99D5820079002E = {
			isa = PBXGroup;
			children = (
				90D5044B1D99D5820079002E /* MyFavBands */,
				90D5044A1D99D5820079002E /* Products */,
			);
			sourceTree = "<group>";
		};
		90D5044A1D99D5820079002E /* Products */ = {
			isa = PBXGroup;
			children = (
				90D504491D99D5820079002E /* MyFavBands.app */,
			);
			name = Products;
			sourceTree = "<group>";
		};
		90D5044B1D99D5820079002E /* MyFavBands */ = {
			isa = PBXGroup;
			children = (
				90C12BAA1DA3169E0062830D /* BandImages */,
				90D5044C1D99D5820079002E /* AppDelegate.swift */,
				90D5044E1D99D5820079002E /* MasterViewController.swift */,
				90D504501D99D5820079002E /* DetailViewController.swift */,
				90D504521D99D5820079002E /* Main.storyboard */,
				90D504551D99D5820079002E /* Assets.xcassets */,
				90D504571D99D5820079002E /* LaunchScreen.storyboard */,
				90D5045A1D99D5820079002E /* Info.plist */,
			);
			path = MyFavBands;
			sourceTree = "<group>";
		};
/* End PBXGroup section */

/* Begin PBXNativeTarget section */
		90D504481D99D5820079002E /* MyFavBands */ = {
			isa = PBXNativeTarget;
			buildConfigurationList = 90D5045D1D99D5820079002E /* Build configuration list for PBXNativeTarget "MyFavBands" */;
			buildPhases = (
				90D504451D99D5820079002E /* Sources */,
				90D504461D99D5820079002E /* Frameworks */,
				90D504471D99D5820079002E /* Resources */,
			);
			buildRules = (
			);
			dependencies = (
			);
			name = MyFavBands;
			productName = MyFavBands;
			productReference = 90D504491D99D5820079002E /* MyFavBands.app */;
			productType = "com.apple.product-type.application";
		};
/* End PBXNativeTarget section */

/* Begin PBXProject section */
		90D504411D99D5820079002E /* Project object */ = {
			isa = PBXProject;
			attributes = {
				LastSwiftUpdateCheck = 0730;
				LastUpgradeCheck = 0730;
				ORGANIZATIONNAME = "Rock Valley College";
				TargetAttributes = {
					90D504481D99D5820079002E = {
						CreatedOnToolsVersion = 7.3.1;
					};
				};
			};
			buildConfigurationList = 90D504441D99D5820079002E /* Build configuration list for PBXProject "MyFavBands" */;
			compatibilityVersion = "Xcode 3.2";
			developmentRegion = English;
			hasScannedForEncodings = 0;
			knownRegions = (
				en,
				Base,
			);
			mainGroup = 90D504401D99D5820079002E;
			productRefGroup = 90D5044A1D99D5820079002E /* Products */;
			projectDirPath = "";
			projectRoot = "";
			targets = (
				90D504481D99D5820079002E /* MyFavBands */,
			);
		};
/* End PBXProject section */

/* Begin PBXResourcesBuildPhase section */
		90D504471D99D5820079002E /* Resources */ = {
			isa = PBXResourcesBuildPhase;
			buildActionMask = 2147483647;
			files = (
				90C12BB71DA3169E0062830D /* KillswitchEngage.jpg in Resources */,
				90C12BB41DA3169E0062830D /* AskingAlexandria.jpg in Resources */,
				90C12BBA1DA3169E0062830D /* ParkwayDrive.jpg in Resources */,
				90C12BB31DA3169E0062830D /* AsILayDying.jpg in Resources */,
				90D504591D99D5820079002E /* LaunchScreen.storyboard in Resources */,
				90C12BB61DA3169E0062830D /* FiveFingerDeathPunch.jpg in Resources */,
				90D504561D99D5820079002E /* Assets.xcassets in Resources */,
				90C12BB81DA3169E0062830D /* LostHorizon.jpg in Resources */,
				90C12BB51DA3169E0062830D /* BreakingBenjamin.jpg in Resources */,
				90D504541D99D5820079002E /* Main.storyboard in Resources */,
				90C12BB91DA3169E0062830D /* OfMiceAndMen.jpg in Resources */,
			);
			runOnlyForDeploymentPostprocessing = 0;
		};
/* End PBXResourcesBuildPhase section */

/* Begin PBXSourcesBuildPhase section */
		90D504451D99D5820079002E /* Sources */ = {
			isa = PBXSourcesBuildPhase;
			buildActionMask = 2147483647;
			files = (
				90D504511D99D5820079002E /* DetailViewController.swift in Sources */,
				90D5044F1D99D5820079002E /* MasterViewController.swift in Sources */,
				90D5044D1D99D5820079002E /* AppDelegate.swift in Sources */,
			);
			runOnlyForDeploymentPostprocessing = 0;
		};
/* End PBXSourcesBuildPhase section */

/* Begin PBXVariantGroup section */
		90D504521D99D5820079002E /* Main.storyboard */ = {
			isa = PBXVariantGroup;
			children = (
				90D504531D99D5820079002E /* Base */,
			);
			name = Main.storyboard;
			sourceTree = "<group>";
		};
		90D504571D99D5820079002E /* LaunchScreen.storyboard */ = {
			isa = PBXVariantGroup;
			children = (
				90D504581D99D5820079002E /* Base */,
			);
			name = LaunchScreen.storyboard;
			sourceTree = "<group>";
		};
/* End PBXVariantGroup section */

/* Begin XCBuildConfiguration section */
		90D5045B1D99D5820079002E /* Debug */ = {
			isa = XCBuildConfiguration;
			buildSettings = {
				ALWAYS_SEARCH_USER_PATHS = NO;
				CLANG_ANALYZER_NONNULL = YES;
				CLANG_CXX_LANGUAGE_STANDARD = "gnu++0x";
				CLANG_CXX_LIBRARY = "libc++";
				CLANG_ENABLE_MODULES = YES;
				CLANG_ENABLE_OBJC_ARC = YES;
				CLANG_WARN_BOOL_CONVERSION = YES;
				CLANG_WARN_CONSTANT_CONVERSION = YES;
				CLANG_WARN_DIRECT_OBJC_ISA_USAGE = YES_ERROR;
				CLANG_WARN_EMPTY_BODY = YES;
				CLANG_WARN_ENUM_CONVERSION = YES;
				CLANG_WARN_INT_CONVERSION = YES;
				CLANG_WARN_OBJC_ROOT_CLASS = YES_ERROR;
				CLANG_WARN_UNREACHABLE_CODE = YES;
				CLANG_WARN__DUPLICATE_METHOD_MATCH = YES;
				"CODE_SIGN_IDENTITY[sdk=iphoneos*]" = "iPhone Developer";
				COPY_PHASE_STRIP = NO;
				DEBUG_INFORMATION_FORMAT = dwarf;
				ENABLE_STRICT_OBJC_MSGSEND = YES;
				ENABLE_TESTABILITY = YES;
				GCC_C_LANGUAGE_STANDARD = gnu99;
				GCC_DYNAMIC_NO_PIC = NO;
				GCC_NO_COMMON_BLOCKS = YES;
				GCC_OPTIMIZATION_LEVEL = 0;
				GCC_PREPROCESSOR_DEFINITIONS = (
					"DEBUG=1",
					"$(inherited)",
				);
				GCC_WARN_64_TO_32_BIT_CONVERSION = YES;
				GCC_WARN_ABOUT_RETURN_TYPE = YES_ERROR;
				GCC_WARN_UNDECLARED_SELECTOR = YES;
				GCC_WARN_UNINITIALIZED_AUTOS = YES_AGGRESSIVE;
				GCC_WARN_UNUSED_FUNCTION = YES;
				GCC_WARN_UNUSED_VARIABLE = YES;
				IPHONEOS_DEPLOYMENT_TARGET = 9.3;
				MTL_ENABLE_DEBUG_INFO = YES;
				ONLY_ACTIVE_ARCH = YES;
				SDKROOT = iphoneos;
				SWIFT_OPTIMIZATION_LEVEL = "-Onone";
				TARGETED_DEVICE_FAMILY = 2;
			};
			name = Debug;
		};
		90D5045C1D99D5820079002E /* Release */ = {
			isa = XCBuildConfiguration;
			buildSettings = {
				ALWAYS_SEARCH_USER_PATHS = NO;
				CLANG_ANALYZER_NONNULL = YES;
				CLANG_CXX_LANGUAGE_STANDARD = "gnu++0x";
				CLANG_CXX_LIBRARY = "libc++";
				CLANG_ENABLE_MODULES = YES;
				CLANG_ENABLE_OBJC_ARC = YES;
				CLANG_WARN_BOOL_CONVERSION = YES;
				CLANG_WARN_CONSTANT_CONVERSION = YES;
				CLANG_WARN_DIRECT_OBJC_ISA_USAGE = YES_ERROR;
				CLANG_WARN_EMPTY_BODY = YES;
				CLANG_WARN_ENUM_CONVERSION = YES;
				CLANG_WARN_INT_CONVERSION = YES;
				CLANG_WARN_OBJC_ROOT_CLASS = YES_ERROR;
				CLANG_WARN_UNREACHABLE_CODE = YES;
				CLANG_WARN__DUPLICATE_METHOD_MATCH = YES;
				"CODE_SIGN_IDENTITY[sdk=iphoneos*]" = "iPhone Developer";
				COPY_PHASE_STRIP = NO;
				DEBUG_INFORMATION_FORMAT = "dwarf-with-dsym";
				ENABLE_NS_ASSERTIONS = NO;
				ENABLE_STRICT_OBJC_MSGSEND = YES;
				GCC_C_LANGUAGE_STANDARD = gnu99;
				GCC_NO_COMMON_BLOCKS = YES;
				GCC_WARN_64_TO_32_BIT_CONVERSION = YES;
				GCC_WARN_ABOUT_RETURN_TYPE = YES_ERROR;
				GCC_WARN_UNDECLARED_SELECTOR = YES;
				GCC_WARN_UNINITIALIZED_AUTOS = YES_AGGRESSIVE;
				GCC_WARN_UNUSED_FUNCTION = YES;
				GCC_WARN_UNUSED_VARIABLE = YES;
				IPHONEOS_DEPLOYMENT_TARGET = 9.3;
				MTL_ENABLE_DEBUG_INFO = NO;
				SDKROOT = iphoneos;
				TARGETED_DEVICE_FAMILY = 2;
				VALIDATE_PRODUCT = YES;
			};
			name = Release;
		};
		90D5045E1D99D5820079002E /* Debug */ = {
			isa = XCBuildConfiguration;
			buildSettings = {
				ASSETCATALOG_COMPILER_APPICON_NAME = AppIcon;
				INFOPLIST_FILE = MyFavBands/Info.plist;
				LD_RUNPATH_SEARCH_PATHS = "$(inherited) @executable_path/Frameworks";
				PRODUCT_BUNDLE_IDENTIFIER = edu.RockValleyCollege.MyFavBands;
				PRODUCT_NAME = "$(TARGET_NAME)";
			};
			name = Debug;
		};
		90D5045F1D99D5820079002E /* Release */ = {
			isa = XCBuildConfiguration;
			buildSettings = {
				ASSETCATALOG_COMPILER_APPICON_NAME = AppIcon;
				INFOPLIST_FILE = MyFavBands/Info.plist;
				LD_RUNPATH_SEARCH_PATHS = "$(inherited) @executable_path/Frameworks";
				PRODUCT_BUNDLE_IDENTIFIER = edu.RockValleyCollege.MyFavBands;
				PRODUCT_NAME = "$(TARGET_NAME)";
			};
			name = Release;
		};
/* End XCBuildConfiguration section */

/* Begin XCConfigurationList section */
		90D504441D99D5820079002E /* Build configuration list for PBXProject "MyFavBands" */ = {
			isa = XCConfigurationList;
			buildConfigurations = (
				90D5045B1D99D5820079002E /* Debug */,
				90D5045C1D99D5820079002E /* Release */,
			);
			defaultConfigurationIsVisible = 0;
			defaultConfigurationName = Release;
		};
		90D5045D1D99D5820079002E /* Build configuration list for PBXNativeTarget "MyFavBands" */ = {
			isa = XCConfigurationList;
			buildConfigurations = (
				90D5045E1D99D5820079002E /* Debug */,
				90D5045F1D99D5820079002E /* Release */,
			);
			defaultConfigurationIsVisible = 0;
			defaultConfigurationName = Release;
		};
/* End XCConfigurationList section */
	};
	rootObject = 90D504411D99D5820079002E /* Project object */;
}
